
Microsoft Visual Studio Solution File, Format Version 12.00
# Visual Studio 2013
VisualStudioVersion = 12.0.21005.1
MinimumVisualStudioVersion = 10.0.40219.1
Project("{FAE04EC0-301F-11D3-BF4B-00C04F79EFBC}") = "Bowling", "Bowling\Bowling.csproj", "{D6262B67-4523-4C28-BFF7-DEB9085CBFA5}"
EndProject
Project("{FAE04EC0-301F-11D3-BF4B-00C04F79EFBC}") = "BowlingTests", "BowlingTests\BowlingTests.csproj", "{76D4B722-3A90-4709-8641-D0591D9DF708}"
EndProject
Global
	GlobalSection(SolutionConfigurationPlatforms) = preSolution
		Debug|Any CPU = Debug|Any CPU
		Release|Any CPU = Release|Any CPU
	EndGlobalSection
	GlobalSection(ProjectConfigurationPlatforms) = postSolution
		{D6262B67-4523-4C28-BFF7-DEB9085CBFA5}.Debug|Any CPU.ActiveCfg = Debug|Any CPU
		{D6262B67-4523-4C28-BFF7-DEB9085CBFA5}.Debug|Any CPU.Build.0 = Debug|Any CPU
		{D6262B67-4523-4C28-BFF7-DEB9085CBFA5}.Release|Any CPU.ActiveCfg = Release|Any CPU
		{D6262B67-4523-4C28-BFF7-DEB9085CBFA5}.Release|Any CPU.Build.0 = Release|Any CPU
		{76D4B722-3A90-4709-8641-D0591D9DF708}.Debug|Any CPU.ActiveCfg = Debug|Any CPU
		{76D4B722-3A90-4709-8641-D0591D9DF708}.Debug|Any CPU.Build.0 = Debug|Any CPU
		{76D4B722-3A90-4709-8641-D0591D9DF708}.Release|Any CPU.ActiveCfg = Release|Any CPU
		{76D4B722-3A90-4709-8641-D0591D9DF708}.Release|Any CPU.Build.0 = Release|Any CPU
	EndGlobalSection
	GlobalSection(SolutionProperties) = preSolution
		HideSolutionNode = FALSE
	EndGlobalSection
EndGlobal
